
Microsoft Visual Studio Solution File, Format Version 11.00
# Visual Studio 2010
Project("{FAE04EC0-301F-11D3-BF4B-00C04F79EFBC}") = "GreenEggs", "Assembly-CSharp.csproj", "{D5F3C6FD-DE07-2B1B-E0B4-F8DE2AEB9299}"
EndProject
Project("{FAE04EC0-301F-11D3-BF4B-00C04F79EFBC}") = "GreenEggs", "Assembly-CSharp-Editor.csproj", "{60ED4E60-1C9E-0625-4672-559797E72739}"
EndProject
Global
	GlobalSection(SolutionConfigurationPlatforms) = preSolution
		Debug|Any CPU = Debug|Any CPU
		Release|Any CPU = Release|Any CPU
	EndGlobalSection
	GlobalSection(ProjectConfigurationPlatforms) = postSolution
		{D5F3C6FD-DE07-2B1B-E0B4-F8DE2AEB9299}.Debug|Any CPU.ActiveCfg = Debug|Any CPU
		{D5F3C6FD-DE07-2B1B-E0B4-F8DE2AEB9299}.Debug|Any CPU.Build.0 = Debug|Any CPU
		{D5F3C6FD-DE07-2B1B-E0B4-F8DE2AEB9299}.Release|Any CPU.ActiveCfg = Release|Any CPU
		{D5F3C6FD-DE07-2B1B-E0B4-F8DE2AEB9299}.Release|Any CPU.Build.0 = Release|Any CPU
		{60ED4E60-1C9E-0625-4672-559797E72739}.Debug|Any CPU.ActiveCfg = Debug|Any CPU
		{60ED4E60-1C9E-0625-4672-559797E72739}.Debug|Any CPU.Build.0 = Debug|Any CPU
		{60ED4E60-1C9E-0625-4672-559797E72739}.Release|Any CPU.ActiveCfg = Release|Any CPU
		{60ED4E60-1C9E-0625-4672-559797E72739}.Release|Any CPU.Build.0 = Release|Any CPU
	EndGlobalSection
	GlobalSection(SolutionProperties) = preSolution
		HideSolutionNode = FALSE
	EndGlobalSection
	GlobalSection(MonoDevelopProperties) = preSolution
		StartupItem = Assembly-CSharp.csproj
	EndGlobalSection
EndGlobal
