
Microsoft Visual Studio Solution File, Format Version 11.00
# Visual Studio 2010
Project("{FAE04EC0-301F-11D3-BF4B-00C04F79EFBC}") = "readingApp - Copy", "Assembly-CSharp.csproj", "{D8A7DA1A-CBF0-960A-3BA3-2C217E8ED140}"
EndProject
Project("{FAE04EC0-301F-11D3-BF4B-00C04F79EFBC}") = "readingApp - Copy", "Assembly-CSharp-Editor.csproj", "{C32B30C1-F845-8C23-55D0-F2C3D0DE8631}"
EndProject
Global
	GlobalSection(SolutionConfigurationPlatforms) = preSolution
		Debug|Any CPU = Debug|Any CPU
		Release|Any CPU = Release|Any CPU
	EndGlobalSection
	GlobalSection(ProjectConfigurationPlatforms) = postSolution
		{D8A7DA1A-CBF0-960A-3BA3-2C217E8ED140}.Debug|Any CPU.ActiveCfg = Debug|Any CPU
		{D8A7DA1A-CBF0-960A-3BA3-2C217E8ED140}.Debug|Any CPU.Build.0 = Debug|Any CPU
		{D8A7DA1A-CBF0-960A-3BA3-2C217E8ED140}.Release|Any CPU.ActiveCfg = Release|Any CPU
		{D8A7DA1A-CBF0-960A-3BA3-2C217E8ED140}.Release|Any CPU.Build.0 = Release|Any CPU
		{C32B30C1-F845-8C23-55D0-F2C3D0DE8631}.Debug|Any CPU.ActiveCfg = Debug|Any CPU
		{C32B30C1-F845-8C23-55D0-F2C3D0DE8631}.Debug|Any CPU.Build.0 = Debug|Any CPU
		{C32B30C1-F845-8C23-55D0-F2C3D0DE8631}.Release|Any CPU.ActiveCfg = Release|Any CPU
		{C32B30C1-F845-8C23-55D0-F2C3D0DE8631}.Release|Any CPU.Build.0 = Release|Any CPU
	EndGlobalSection
	GlobalSection(SolutionProperties) = preSolution
		HideSolutionNode = FALSE
	EndGlobalSection
	GlobalSection(MonoDevelopProperties) = preSolution
		StartupItem = Assembly-CSharp.csproj
	EndGlobalSection
EndGlobal
